
Microsoft Visual Studio Solution File, Format Version 12.00
# Visual Studio Version 16
VisualStudioVersion = 16.0.30907.101
MinimumVisualStudioVersion = 10.0.40219.1
Project("{FAE04EC0-301F-11D3-BF4B-00C04F79EFBC}") = "AliasChanger", "AliasChanger\AliasChanger.csproj", "{80BB1A59-BA29-4B69-81D6-0287A20E6A64}"
EndProject
Global
	GlobalSection(SolutionConfigurationPlatforms) = preSolution
		Debug|Any CPU = Debug|Any CPU
		Release|Any CPU = Release|Any CPU
	EndGlobalSection
	GlobalSection(ProjectConfigurationPlatforms) = postSolution
		{80BB1A59-BA29-4B69-81D6-0287A20E6A64}.Debug|Any CPU.ActiveCfg = Debug|Any CPU
		{80BB1A59-BA29-4B69-81D6-0287A20E6A64}.Debug|Any CPU.Build.0 = Debug|Any CPU
		{80BB1A59-BA29-4B69-81D6-0287A20E6A64}.Release|Any CPU.ActiveCfg = Release|Any CPU
		{80BB1A59-BA29-4B69-81D6-0287A20E6A64}.Release|Any CPU.Build.0 = Release|Any CPU
	EndGlobalSection
	GlobalSection(SolutionProperties) = preSolution
		HideSolutionNode = FALSE
	EndGlobalSection
	GlobalSection(ExtensibilityGlobals) = postSolution
		SolutionGuid = {F07D94DC-61E6-44AF-9D6F-0DA3635C5A97}
	EndGlobalSection
EndGlobal
